
Microsoft Visual Studio Solution File, Format Version 11.00
# Visual Studio 2010
Project("{FAE04EC0-301F-11D3-BF4B-00C04F79EFBC}") = "SqlSchemaExplorer", "SqlSchemaExplorer\SqlSchemaExplorer.csproj", "{C4372E56-D9A3-4F29-9FDE-7BEB6E329B30}"
EndProject
Project("{FAE04EC0-301F-11D3-BF4B-00C04F79EFBC}") = "SqlSchemaExplorer.Runner", "SqlSchemaExplorer.Runner\SqlSchemaExplorer.Runner.csproj", "{40CEDC2C-82F2-442E-B64D-9F3E25D0B769}"
EndProject
Global
	GlobalSection(SolutionConfigurationPlatforms) = preSolution
		Debug|Any CPU = Debug|Any CPU
		Debug|Mixed Platforms = Debug|Mixed Platforms
		Debug|x86 = Debug|x86
		Release|Any CPU = Release|Any CPU
		Release|Mixed Platforms = Release|Mixed Platforms
		Release|x86 = Release|x86
	EndGlobalSection
	GlobalSection(ProjectConfigurationPlatforms) = postSolution
		{C4372E56-D9A3-4F29-9FDE-7BEB6E329B30}.Debug|Any CPU.ActiveCfg = Debug|Any CPU
		{C4372E56-D9A3-4F29-9FDE-7BEB6E329B30}.Debug|Any CPU.Build.0 = Debug|Any CPU
		{C4372E56-D9A3-4F29-9FDE-7BEB6E329B30}.Debug|Mixed Platforms.ActiveCfg = Debug|Any CPU
		{C4372E56-D9A3-4F29-9FDE-7BEB6E329B30}.Debug|Mixed Platforms.Build.0 = Debug|Any CPU
		{C4372E56-D9A3-4F29-9FDE-7BEB6E329B30}.Debug|x86.ActiveCfg = Debug|Any CPU
		{C4372E56-D9A3-4F29-9FDE-7BEB6E329B30}.Release|Any CPU.ActiveCfg = Release|Any CPU
		{C4372E56-D9A3-4F29-9FDE-7BEB6E329B30}.Release|Any CPU.Build.0 = Release|Any CPU
		{C4372E56-D9A3-4F29-9FDE-7BEB6E329B30}.Release|Mixed Platforms.ActiveCfg = Release|Any CPU
		{C4372E56-D9A3-4F29-9FDE-7BEB6E329B30}.Release|Mixed Platforms.Build.0 = Release|Any CPU
		{C4372E56-D9A3-4F29-9FDE-7BEB6E329B30}.Release|x86.ActiveCfg = Release|Any CPU
		{40CEDC2C-82F2-442E-B64D-9F3E25D0B769}.Debug|Any CPU.ActiveCfg = Debug|x86
		{40CEDC2C-82F2-442E-B64D-9F3E25D0B769}.Debug|Mixed Platforms.ActiveCfg = Debug|x86
		{40CEDC2C-82F2-442E-B64D-9F3E25D0B769}.Debug|Mixed Platforms.Build.0 = Debug|x86
		{40CEDC2C-82F2-442E-B64D-9F3E25D0B769}.Debug|x86.ActiveCfg = Debug|x86
		{40CEDC2C-82F2-442E-B64D-9F3E25D0B769}.Debug|x86.Build.0 = Debug|x86
		{40CEDC2C-82F2-442E-B64D-9F3E25D0B769}.Release|Any CPU.ActiveCfg = Release|x86
		{40CEDC2C-82F2-442E-B64D-9F3E25D0B769}.Release|Mixed Platforms.ActiveCfg = Release|x86
		{40CEDC2C-82F2-442E-B64D-9F3E25D0B769}.Release|Mixed Platforms.Build.0 = Release|x86
		{40CEDC2C-82F2-442E-B64D-9F3E25D0B769}.Release|x86.ActiveCfg = Release|x86
		{40CEDC2C-82F2-442E-B64D-9F3E25D0B769}.Release|x86.Build.0 = Release|x86
	EndGlobalSection
	GlobalSection(SolutionProperties) = preSolution
		HideSolutionNode = FALSE
	EndGlobalSection
EndGlobal
